
Microsoft Visual Studio Solution File, Format Version 11.00
# Visual Studio 2010
Project("{FAE04EC0-301F-11D3-BF4B-00C04F79EFBC}") = "WhoScored", "WhoScored\WhoScored.csproj", "{1916F49C-6170-4A90-ABD2-9BF3DF0BE6B8}"
EndProject
Project("{FAE04EC0-301F-11D3-BF4B-00C04F79EFBC}") = "WhoScored.Migration.UnitTest", "WhoScored.Test\WhoScored.Migration.UnitTest.csproj", "{731F945D-7437-41EA-9D10-CF8F29D2E6E2}"
EndProject
Project("{2150E333-8FDC-42A3-9474-1A3956D46DE8}") = "Solution Items", "Solution Items", "{5225BCA5-D23E-45B0-B90A-056216A9C1F3}"
	ProjectSection(SolutionItems) = preProject
		Local.testsettings = Local.testsettings
		TraceAndTestImpact.testsettings = TraceAndTestImpact.testsettings
		WhoScored.vsmdi = WhoScored.vsmdi
	EndProjectSection
EndProject
Project("{FAE04EC0-301F-11D3-BF4B-00C04F79EFBC}") = "WhoScored.Migration", "WhoScored.Migration\WhoScored.Migration.csproj", "{E6FAA62C-02BF-4D9C-AD5D-B0050BC82782}"
EndProject
Project("{FAE04EC0-301F-11D3-BF4B-00C04F79EFBC}") = "WhoScored.Db", "WhoScored.Db\WhoScored.Db.csproj", "{06B058FF-4605-4775-9BB7-93D10EDE0B00}"
EndProject
Project("{FAE04EC0-301F-11D3-BF4B-00C04F79EFBC}") = "WhoScored.Serializer", "WhoScored.Serializer\WhoScored.Serializer.csproj", "{928F1DC5-8C49-4C10-BFD3-2540414E8F60}"
EndProject
Project("{FAE04EC0-301F-11D3-BF4B-00C04F79EFBC}") = "WhoScored.Serializer.UnitTest", "WhoScored.Serializer.UnitTest\WhoScored.Serializer.UnitTest.csproj", "{A9F1B9D7-974E-4434-85D8-76C01A80C685}"
EndProject
Global
	GlobalSection(TestCaseManagementSettings) = postSolution
		CategoryFile = WhoScored.vsmdi
	EndGlobalSection
	GlobalSection(SolutionConfigurationPlatforms) = preSolution
		Debug|Any CPU = Debug|Any CPU
		Release|Any CPU = Release|Any CPU
	EndGlobalSection
	GlobalSection(ProjectConfigurationPlatforms) = postSolution
		{1916F49C-6170-4A90-ABD2-9BF3DF0BE6B8}.Debug|Any CPU.ActiveCfg = Debug|Any CPU
		{1916F49C-6170-4A90-ABD2-9BF3DF0BE6B8}.Debug|Any CPU.Build.0 = Debug|Any CPU
		{1916F49C-6170-4A90-ABD2-9BF3DF0BE6B8}.Release|Any CPU.ActiveCfg = Release|Any CPU
		{1916F49C-6170-4A90-ABD2-9BF3DF0BE6B8}.Release|Any CPU.Build.0 = Release|Any CPU
		{731F945D-7437-41EA-9D10-CF8F29D2E6E2}.Debug|Any CPU.ActiveCfg = Debug|Any CPU
		{731F945D-7437-41EA-9D10-CF8F29D2E6E2}.Debug|Any CPU.Build.0 = Debug|Any CPU
		{731F945D-7437-41EA-9D10-CF8F29D2E6E2}.Release|Any CPU.ActiveCfg = Release|Any CPU
		{731F945D-7437-41EA-9D10-CF8F29D2E6E2}.Release|Any CPU.Build.0 = Release|Any CPU
		{E6FAA62C-02BF-4D9C-AD5D-B0050BC82782}.Debug|Any CPU.ActiveCfg = Debug|Any CPU
		{E6FAA62C-02BF-4D9C-AD5D-B0050BC82782}.Debug|Any CPU.Build.0 = Debug|Any CPU
		{E6FAA62C-02BF-4D9C-AD5D-B0050BC82782}.Release|Any CPU.ActiveCfg = Release|Any CPU
		{E6FAA62C-02BF-4D9C-AD5D-B0050BC82782}.Release|Any CPU.Build.0 = Release|Any CPU
		{06B058FF-4605-4775-9BB7-93D10EDE0B00}.Debug|Any CPU.ActiveCfg = Debug|Any CPU
		{06B058FF-4605-4775-9BB7-93D10EDE0B00}.Debug|Any CPU.Build.0 = Debug|Any CPU
		{06B058FF-4605-4775-9BB7-93D10EDE0B00}.Release|Any CPU.ActiveCfg = Release|Any CPU
		{06B058FF-4605-4775-9BB7-93D10EDE0B00}.Release|Any CPU.Build.0 = Release|Any CPU
		{928F1DC5-8C49-4C10-BFD3-2540414E8F60}.Debug|Any CPU.ActiveCfg = Debug|Any CPU
		{928F1DC5-8C49-4C10-BFD3-2540414E8F60}.Debug|Any CPU.Build.0 = Debug|Any CPU
		{928F1DC5-8C49-4C10-BFD3-2540414E8F60}.Release|Any CPU.ActiveCfg = Release|Any CPU
		{928F1DC5-8C49-4C10-BFD3-2540414E8F60}.Release|Any CPU.Build.0 = Release|Any CPU
		{A9F1B9D7-974E-4434-85D8-76C01A80C685}.Debug|Any CPU.ActiveCfg = Debug|Any CPU
		{A9F1B9D7-974E-4434-85D8-76C01A80C685}.Debug|Any CPU.Build.0 = Debug|Any CPU
		{A9F1B9D7-974E-4434-85D8-76C01A80C685}.Release|Any CPU.ActiveCfg = Release|Any CPU
		{A9F1B9D7-974E-4434-85D8-76C01A80C685}.Release|Any CPU.Build.0 = Release|Any CPU
	EndGlobalSection
	GlobalSection(SolutionProperties) = preSolution
		HideSolutionNode = FALSE
	EndGlobalSection
EndGlobal
